
Microsoft Visual Studio Solution File, Format Version 12.00
# Visual Studio Version 17
VisualStudioVersion = 17.4.33122.133
MinimumVisualStudioVersion = 10.0.40219.1
Project("{2150E333-8FDC-42A3-9474-1A3956D46DE8}") = "src", "src", "{5461C61B-B06E-46BA-B206-925B660BE727}"
EndProject
Project("{2150E333-8FDC-42A3-9474-1A3956D46DE8}") = "test", "test", "{45C22EDD-91B1-4AEF-8620-77F4E3E7C544}"
EndProject
Project("{9A19103F-16F7-4668-BE54-9A1E7A4F7556}") = "IdentityServer4", "src\IdentityServer4.csproj", "{407C030E-60E6-41F7-AF43-0AC48EDCC17D}"
EndProject
Project("{9A19103F-16F7-4668-BE54-9A1E7A4F7556}") = "Host", "host\Host.csproj", "{784B3C88-30FA-415D-B99E-584063064508}"
EndProject
Project("{9A19103F-16F7-4668-BE54-9A1E7A4F7556}") = "IdentityServer.UnitTests", "test\IdentityServer.UnitTests\IdentityServer.UnitTests.csproj", "{4291820C-735F-4776-8BC4-6527433BC683}"
EndProject
Project("{9A19103F-16F7-4668-BE54-9A1E7A4F7556}") = "IdentityServer.IntegrationTests", "test\IdentityServer.IntegrationTests\IdentityServer.IntegrationTests.csproj", "{94501373-478A-478D-8C17-6AC52E3438CF}"
EndProject
Project("{9A19103F-16F7-4668-BE54-9A1E7A4F7556}") = "IdentityServer4.EntityFramework.Storage", "..\EntityFramework.Storage\src\IdentityServer4.EntityFramework.Storage.csproj", "{C901E881-DE73-4F00-9D59-7403EE006C45}"
EndProject
Project("{9A19103F-16F7-4668-BE54-9A1E7A4F7556}") = "IdentityServer4.Storage", "..\Storage\src\IdentityServer4.Storage.csproj", "{D57D9641-8C32-49A6-A509-A4B604E432B3}"
EndProject
Project("{9A19103F-16F7-4668-BE54-9A1E7A4F7556}") = "IdentityServer4.EntityFramework", "..\EntityFramework\src\IdentityServer4.EntityFramework.csproj", "{2A7286D0-5E03-4BD4-A5BD-AB9FA61AE19B}"
EndProject
Project("{9A19103F-16F7-4668-BE54-9A1E7A4F7556}") = "IdentityServer4.AspNetIdentity", "..\AspNetIdentity\src\IdentityServer4.AspNetIdentity.csproj", "{0B84DE1D-C161-492C-BB33-37BE3139DCA3}"
EndProject
Global
	GlobalSection(SolutionConfigurationPlatforms) = preSolution
		Debug|Any CPU = Debug|Any CPU
		Release|Any CPU = Release|Any CPU
	EndGlobalSection
	GlobalSection(ProjectConfigurationPlatforms) = postSolution
		{407C030E-60E6-41F7-AF43-0AC48EDCC17D}.Debug|Any CPU.ActiveCfg = Debug|Any CPU
		{407C030E-60E6-41F7-AF43-0AC48EDCC17D}.Debug|Any CPU.Build.0 = Debug|Any CPU
		{407C030E-60E6-41F7-AF43-0AC48EDCC17D}.Release|Any CPU.ActiveCfg = Release|Any CPU
		{407C030E-60E6-41F7-AF43-0AC48EDCC17D}.Release|Any CPU.Build.0 = Release|Any CPU
		{784B3C88-30FA-415D-B99E-584063064508}.Debug|Any CPU.ActiveCfg = Debug|Any CPU
		{784B3C88-30FA-415D-B99E-584063064508}.Debug|Any CPU.Build.0 = Debug|Any CPU
		{784B3C88-30FA-415D-B99E-584063064508}.Release|Any CPU.ActiveCfg = Release|Any CPU
		{784B3C88-30FA-415D-B99E-584063064508}.Release|Any CPU.Build.0 = Release|Any CPU
		{4291820C-735F-4776-8BC4-6527433BC683}.Debug|Any CPU.ActiveCfg = Debug|Any CPU
		{4291820C-735F-4776-8BC4-6527433BC683}.Debug|Any CPU.Build.0 = Debug|Any CPU
		{4291820C-735F-4776-8BC4-6527433BC683}.Release|Any CPU.ActiveCfg = Release|Any CPU
		{4291820C-735F-4776-8BC4-6527433BC683}.Release|Any CPU.Build.0 = Release|Any CPU
		{94501373-478A-478D-8C17-6AC52E3438CF}.Debug|Any CPU.ActiveCfg = Debug|Any CPU
		{94501373-478A-478D-8C17-6AC52E3438CF}.Debug|Any CPU.Build.0 = Debug|Any CPU
		{94501373-478A-478D-8C17-6AC52E3438CF}.Release|Any CPU.ActiveCfg = Release|Any CPU
		{94501373-478A-478D-8C17-6AC52E3438CF}.Release|Any CPU.Build.0 = Release|Any CPU
		{C901E881-DE73-4F00-9D59-7403EE006C45}.Debug|Any CPU.ActiveCfg = Debug|Any CPU
		{C901E881-DE73-4F00-9D59-7403EE006C45}.Debug|Any CPU.Build.0 = Debug|Any CPU
		{C901E881-DE73-4F00-9D59-7403EE006C45}.Release|Any CPU.ActiveCfg = Release|Any CPU
		{C901E881-DE73-4F00-9D59-7403EE006C45}.Release|Any CPU.Build.0 = Release|Any CPU
		{D57D9641-8C32-49A6-A509-A4B604E432B3}.Debug|Any CPU.ActiveCfg = Debug|Any CPU
		{D57D9641-8C32-49A6-A509-A4B604E432B3}.Debug|Any CPU.Build.0 = Debug|Any CPU
		{D57D9641-8C32-49A6-A509-A4B604E432B3}.Release|Any CPU.ActiveCfg = Release|Any CPU
		{D57D9641-8C32-49A6-A509-A4B604E432B3}.Release|Any CPU.Build.0 = Release|Any CPU
		{2A7286D0-5E03-4BD4-A5BD-AB9FA61AE19B}.Debug|Any CPU.ActiveCfg = Debug|Any CPU
		{2A7286D0-5E03-4BD4-A5BD-AB9FA61AE19B}.Debug|Any CPU.Build.0 = Debug|Any CPU
		{2A7286D0-5E03-4BD4-A5BD-AB9FA61AE19B}.Release|Any CPU.ActiveCfg = Release|Any CPU
		{2A7286D0-5E03-4BD4-A5BD-AB9FA61AE19B}.Release|Any CPU.Build.0 = Release|Any CPU
		{0B84DE1D-C161-492C-BB33-37BE3139DCA3}.Debug|Any CPU.ActiveCfg = Debug|Any CPU
		{0B84DE1D-C161-492C-BB33-37BE3139DCA3}.Debug|Any CPU.Build.0 = Debug|Any CPU
		{0B84DE1D-C161-492C-BB33-37BE3139DCA3}.Release|Any CPU.ActiveCfg = Release|Any CPU
		{0B84DE1D-C161-492C-BB33-37BE3139DCA3}.Release|Any CPU.Build.0 = Release|Any CPU
	EndGlobalSection
	GlobalSection(SolutionProperties) = preSolution
		HideSolutionNode = FALSE
	EndGlobalSection
	GlobalSection(NestedProjects) = preSolution
		{407C030E-60E6-41F7-AF43-0AC48EDCC17D} = {5461C61B-B06E-46BA-B206-925B660BE727}
		{784B3C88-30FA-415D-B99E-584063064508} = {5461C61B-B06E-46BA-B206-925B660BE727}
		{4291820C-735F-4776-8BC4-6527433BC683} = {45C22EDD-91B1-4AEF-8620-77F4E3E7C544}
		{94501373-478A-478D-8C17-6AC52E3438CF} = {45C22EDD-91B1-4AEF-8620-77F4E3E7C544}
		{C901E881-DE73-4F00-9D59-7403EE006C45} = {5461C61B-B06E-46BA-B206-925B660BE727}
		{D57D9641-8C32-49A6-A509-A4B604E432B3} = {5461C61B-B06E-46BA-B206-925B660BE727}
		{2A7286D0-5E03-4BD4-A5BD-AB9FA61AE19B} = {5461C61B-B06E-46BA-B206-925B660BE727}
		{0B84DE1D-C161-492C-BB33-37BE3139DCA3} = {5461C61B-B06E-46BA-B206-925B660BE727}
	EndGlobalSection
	GlobalSection(ExtensibilityGlobals) = postSolution
		SolutionGuid = {176723F7-4A9B-4F05-A9F3-3BA715E4BDC3}
	EndGlobalSection
EndGlobal
